
Microsoft Visual Studio Solution File, Format Version 12.00
# Visual Studio Version 16
VisualStudioVersion = 16.0.31424.327
MinimumVisualStudioVersion = 10.0.40219.1
Project("{FAE04EC0-301F-11D3-BF4B-00C04F79EFBC}") = "Zhang", "Zhang\Zhang.csproj", "{1AED6472-FAA4-413A-AF9F-231CEC46D6DA}"
EndProject
Project("{FAE04EC0-301F-11D3-BF4B-00C04F79EFBC}") = "LibZhangConfig", "LibZhangConfig\LibZhangConfig.csproj", "{ACF0C376-7944-46AE-9215-89A7155BC807}"
EndProject
Project("{FAE04EC0-301F-11D3-BF4B-00C04F79EFBC}") = "LibHuangConfig", "LibHuangConfig\LibHuangConfig.csproj", "{1AC5FEA2-178F-49DF-90B4-F25BD97D167E}"
EndProject
Global
	GlobalSection(SolutionConfigurationPlatforms) = preSolution
		Debug|Any CPU = Debug|Any CPU
		Release|Any CPU = Release|Any CPU
	EndGlobalSection
	GlobalSection(ProjectConfigurationPlatforms) = postSolution
		{1AED6472-FAA4-413A-AF9F-231CEC46D6DA}.Debug|Any CPU.ActiveCfg = Debug|Any CPU
		{1AED6472-FAA4-413A-AF9F-231CEC46D6DA}.Debug|Any CPU.Build.0 = Debug|Any CPU
		{1AED6472-FAA4-413A-AF9F-231CEC46D6DA}.Release|Any CPU.ActiveCfg = Release|Any CPU
		{1AED6472-FAA4-413A-AF9F-231CEC46D6DA}.Release|Any CPU.Build.0 = Release|Any CPU
		{ACF0C376-7944-46AE-9215-89A7155BC807}.Debug|Any CPU.ActiveCfg = Debug|Any CPU
		{ACF0C376-7944-46AE-9215-89A7155BC807}.Debug|Any CPU.Build.0 = Debug|Any CPU
		{ACF0C376-7944-46AE-9215-89A7155BC807}.Release|Any CPU.ActiveCfg = Release|Any CPU
		{ACF0C376-7944-46AE-9215-89A7155BC807}.Release|Any CPU.Build.0 = Release|Any CPU
		{1AC5FEA2-178F-49DF-90B4-F25BD97D167E}.Debug|Any CPU.ActiveCfg = Debug|Any CPU
		{1AC5FEA2-178F-49DF-90B4-F25BD97D167E}.Debug|Any CPU.Build.0 = Debug|Any CPU
		{1AC5FEA2-178F-49DF-90B4-F25BD97D167E}.Release|Any CPU.ActiveCfg = Release|Any CPU
		{1AC5FEA2-178F-49DF-90B4-F25BD97D167E}.Release|Any CPU.Build.0 = Release|Any CPU
	EndGlobalSection
	GlobalSection(SolutionProperties) = preSolution
		HideSolutionNode = FALSE
	EndGlobalSection
	GlobalSection(ExtensibilityGlobals) = postSolution
		SolutionGuid = {619E150D-9602-4BA1-8FD6-7D1BCA6B4625}
	EndGlobalSection
EndGlobal
